// !$*UTF8*$!
{
	archiveVersion = 1;
	classes = {
	};
	objectVersion = 50;
	objects = {

/* Begin PBXBuildFile section */
		3D376AFF244127FC006D0CFA /* LocationManager.swift in Sources */ = {isa = PBXBuildFile; fileRef = 3D376AFE244127FC006D0CFA /* LocationManager.swift */; };
		3D376B0124412835006D0CFA /* CameraAuthorizationManager.swift in Sources */ = {isa = PBXBuildFile; fileRef = 3D376B0024412835006D0CFA /* CameraAuthorizationManager.swift */; };
		3D376B032441357A006D0CFA /* CaptureImageView.swift in Sources */ = {isa = PBXBuildFile; fileRef = 3D376B022441357A006D0CFA /* CaptureImageView.swift */; };
		3DE62D2A243EB62C0077586D /* AppDelegate.swift in Sources */ = {isa = PBXBuildFile; fileRef = 3DE62D29243EB62C0077586D /* AppDelegate.swift */; };
		3DE62D2C243EB62C0077586D /* SceneDelegate.swift in Sources */ = {isa = PBXBuildFile; fileRef = 3DE62D2B243EB62C0077586D /* SceneDelegate.swift */; };
		3DE62D2E243EB62C0077586D /* ContentView.swift in Sources */ = {isa = PBXBuildFile; fileRef = 3DE62D2D243EB62C0077586D /* ContentView.swift */; };
		3DE62D30243EB62F0077586D /* Assets.xcassets in Resources */ = {isa = PBXBuildFile; fileRef = 3DE62D2F243EB62F0077586D /* Assets.xcassets */; };
		3DE62D33243EB62F0077586D /* Preview Assets.xcassets in Resources */ = {isa = PBXBuildFile; fileRef = 3DE62D32243EB62F0077586D /* Preview Assets.xcassets */; };
		3DE62D36243EB62F0077586D /* LaunchScreen.storyboard in Resources */ = {isa = PBXBuildFile; fileRef = 3DE62D34243EB62F0077586D /* LaunchScreen.storyboard */; };
		3DE62D40243EB6700077586D /* CloudKit.framework in Frameworks */ = {isa = PBXBuildFile; fileRef = 3DE62D3F243EB6700077586D /* CloudKit.framework */; };
		3DEF308E243FF655000A3129 /* EditHazardView.swift in Sources */ = {isa = PBXBuildFile; fileRef = 3DEF308D243FF655000A3129 /* EditHazardView.swift */; };
/* End PBXBuildFile section */

/* Begin PBXFileReference section */
		3D376AFE244127FC006D0CFA /* LocationManager.swift */ = {isa = PBXFileReference; lastKnownFileType = sourcecode.swift; path = LocationManager.swift; sourceTree = "<group>"; };
		3D376B0024412835006D0CFA /* CameraAuthorizationManager.swift */ = {isa = PBXFileReference; lastKnownFileType = sourcecode.swift; path = CameraAuthorizationManager.swift; sourceTree = "<group>"; };
		3D376B022441357A006D0CFA /* CaptureImageView.swift */ = {isa = PBXFileReference; lastKnownFileType = sourcecode.swift; path = CaptureImageView.swift; sourceTree = "<group>"; };
		3DE62D26243EB62C0077586D /* HazardReporter.app */ = {isa = PBXFileReference; explicitFileType = wrapper.application; includeInIndex = 0; path = HazardReporter.app; sourceTree = BUILT_PRODUCTS_DIR; };
		3DE62D29243EB62C0077586D /* AppDelegate.swift */ = {isa = PBXFileReference; lastKnownFileType = sourcecode.swift; path = AppDelegate.swift; sourceTree = "<group>"; };
		3DE62D2B243EB62C0077586D /* SceneDelegate.swift */ = {isa = PBXFileReference; lastKnownFileType = sourcecode.swift; path = SceneDelegate.swift; sourceTree = "<group>"; };
		3DE62D2D243EB62C0077586D /* ContentView.swift */ = {isa = PBXFileReference; lastKnownFileType = sourcecode.swift; path = ContentView.swift; sourceTree = "<group>"; };
		3DE62D2F243EB62F0077586D /* Assets.xcassets */ = {isa = PBXFileReference; lastKnownFileType = folder.assetcatalog; path = Assets.xcassets; sourceTree = "<group>"; };
		3DE62D32243EB62F0077586D /* Preview Assets.xcassets */ = {isa = PBXFileReference; lastKnownFileType = folder.assetcatalog; path = "Preview Assets.xcassets"; sourceTree = "<group>"; };
		3DE62D35243EB62F0077586D /* Base */ = {isa = PBXFileReference; lastKnownFileType = file.storyboard; name = Base; path = Base.lproj/LaunchScreen.storyboard; sourceTree = "<group>"; };
		3DE62D37243EB62F0077586D /* Info.plist */ = {isa = PBXFileReference; lastKnownFileType = text.plist.xml; path = Info.plist; sourceTree = "<group>"; };
		3DE62D3D243EB6630077586D /* HazardReporter.entitlements */ = {isa = PBXFileReference; lastKnownFileType = text.plist.entitlements; path = HazardReporter.entitlements; sourceTree = "<group>"; };
		3DE62D3F243EB6700077586D /* CloudKit.framework */ = {isa = PBXFileReference; lastKnownFileType = wrapper.framework; name = CloudKit.framework; path = System/Library/Frameworks/CloudKit.framework; sourceTree = SDKROOT; };
		3DEF308D243FF655000A3129 /* EditHazardView.swift */ = {isa = PBXFileReference; lastKnownFileType = sourcecode.swift; path = EditHazardView.swift; sourceTree = "<group>"; };
/* End PBXFileReference section */

/* Begin PBXFrameworksBuildPhase section */
		3DE62D23243EB62C0077586D /* Frameworks */ = {
			isa = PBXFrameworksBuildPhase;
			buildActionMask = 2147483647;
			files = (
				3DE62D40243EB6700077586D /* CloudKit.framework in Frameworks */,
			);
			runOnlyForDeploymentPostprocessing = 0;
		};
/* End PBXFrameworksBuildPhase section */

/* Begin PBXGroup section */
		3D376AFD244127D1006D0CFA /* Managers */ = {
			isa = PBXGroup;
			children = (
				3D376AFE244127FC006D0CFA /* LocationManager.swift */,
				3D376B0024412835006D0CFA /* CameraAuthorizationManager.swift */,
			);
			path = Managers;
			sourceTree = "<group>";
		};
		3DE62D1D243EB62C0077586D = {
			isa = PBXGroup;
			children = (
				3DE62D28243EB62C0077586D /* HazardReporter */,
				3DE62D27243EB62C0077586D /* Products */,
				3DE62D3E243EB6700077586D /* Frameworks */,
			);
			sourceTree = "<group>";
		};
		3DE62D27243EB62C0077586D /* Products */ = {
			isa = PBXGroup;
			children = (
				3DE62D26243EB62C0077586D /* HazardReporter.app */,
			);
			name = Products;
			sourceTree = "<group>";
		};
		3DE62D28243EB62C0077586D /* HazardReporter */ = {
			isa = PBXGroup;
			children = (
				3D376AFD244127D1006D0CFA /* Managers */,
				3DEF308C243FF638000A3129 /* Views */,
				3DE62D3D243EB6630077586D /* HazardReporter.entitlements */,
				3DE62D29243EB62C0077586D /* AppDelegate.swift */,
				3DE62D2B243EB62C0077586D /* SceneDelegate.swift */,
				3DE62D2D243EB62C0077586D /* ContentView.swift */,
				3DE62D2F243EB62F0077586D /* Assets.xcassets */,
				3DE62D34243EB62F0077586D /* LaunchScreen.storyboard */,
				3DE62D37243EB62F0077586D /* Info.plist */,
				3DE62D31243EB62F0077586D /* Preview Content */,
			);
			path = HazardReporter;
			sourceTree = "<group>";
		};
		3DE62D31243EB62F0077586D /* Preview Content */ = {
			isa = PBXGroup;
			children = (
				3DE62D32243EB62F0077586D /* Preview Assets.xcassets */,
			);
			path = "Preview Content";
			sourceTree = "<group>";
		};
		3DE62D3E243EB6700077586D /* Frameworks */ = {
			isa = PBXGroup;
			children = (
				3DE62D3F243EB6700077586D /* CloudKit.framework */,
			);
			name = Frameworks;
			sourceTree = "<group>";
		};
		3DEF308C243FF638000A3129 /* Views */ = {
			isa = PBXGroup;
			children = (
				3DEF308D243FF655000A3129 /* EditHazardView.swift */,
				3D376B022441357A006D0CFA /* CaptureImageView.swift */,
			);
			path = Views;
			sourceTree = "<group>";
		};
/* End PBXGroup section */

/* Begin PBXNativeTarget section */
		3DE62D25243EB62C0077586D /* HazardReporter */ = {
			isa = PBXNativeTarget;
			buildConfigurationList = 3DE62D3A243EB62F0077586D /* Build configuration list for PBXNativeTarget "HazardReporter" */;
			buildPhases = (
				3DE62D22243EB62C0077586D /* Sources */,
				3DE62D23243EB62C0077586D /* Frameworks */,
				3DE62D24243EB62C0077586D /* Resources */,
			);
			buildRules = (
			);
			dependencies = (
			);
			name = HazardReporter;
			productName = HazardReporter;
			productReference = 3DE62D26243EB62C0077586D /* HazardReporter.app */;
			productType = "com.apple.product-type.application";
		};
/* End PBXNativeTarget section */

/* Begin PBXProject section */
		3DE62D1E243EB62C0077586D /* Project object */ = {
			isa = PBXProject;
			attributes = {
				LastSwiftUpdateCheck = 1140;
				LastUpgradeCheck = 1140;
				ORGANIZATIONNAME = "Doug Robison";
				TargetAttributes = {
					3DE62D25243EB62C0077586D = {
						CreatedOnToolsVersion = 11.4;
					};
				};
			};
			buildConfigurationList = 3DE62D21243EB62C0077586D /* Build configuration list for PBXProject "HazardReporter" */;
			compatibilityVersion = "Xcode 9.3";
			developmentRegion = en;
			hasScannedForEncodings = 0;
			knownRegions = (
				en,
				Base,
			);
			mainGroup = 3DE62D1D243EB62C0077586D;
			productRefGroup = 3DE62D27243EB62C0077586D /* Products */;
			projectDirPath = "";
			projectRoot = "";
			targets = (
				3DE62D25243EB62C0077586D /* HazardReporter */,
			);
		};
/* End PBXProject section */

/* Begin PBXResourcesBuildPhase section */
		3DE62D24243EB62C0077586D /* Resources */ = {
			isa = PBXResourcesBuildPhase;
			buildActionMask = 2147483647;
			files = (
				3DE62D36243EB62F0077586D /* LaunchScreen.storyboard in Resources */,
				3DE62D33243EB62F0077586D /* Preview Assets.xcassets in Resources */,
				3DE62D30243EB62F0077586D /* Assets.xcassets in Resources */,
			);
			runOnlyForDeploymentPostprocessing = 0;
		};
/* End PBXResourcesBuildPhase section */

/* Begin PBXSourcesBuildPhase section */
		3DE62D22243EB62C0077586D /* Sources */ = {
			isa = PBXSourcesBuildPhase;
			buildActionMask = 2147483647;
			files = (
				3D376B032441357A006D0CFA /* CaptureImageView.swift in Sources */,
				3DE62D2A243EB62C0077586D /* AppDelegate.swift in Sources */,
				3DE62D2C243EB62C0077586D /* SceneDelegate.swift in Sources */,
				3D376AFF244127FC006D0CFA /* LocationManager.swift in Sources */,
				3DEF308E243FF655000A3129 /* EditHazardView.swift in Sources */,
				3D376B0124412835006D0CFA /* CameraAuthorizationManager.swift in Sources */,
				3DE62D2E243EB62C0077586D /* ContentView.swift in Sources */,
			);
			runOnlyForDeploymentPostprocessing = 0;
		};
/* End PBXSourcesBuildPhase section */

/* Begin PBXVariantGroup section */
		3DE62D34243EB62F0077586D /* LaunchScreen.storyboard */ = {
			isa = PBXVariantGroup;
			children = (
				3DE62D35243EB62F0077586D /* Base */,
			);
			name = LaunchScreen.storyboard;
			sourceTree = "<group>";
		};
/* End PBXVariantGroup section */

/* Begin XCBuildConfiguration section */
		3DE62D38243EB62F0077586D /* Debug */ = {
			isa = XCBuildConfiguration;
			buildSettings = {
				ALWAYS_SEARCH_USER_PATHS = NO;
				CLANG_ANALYZER_NONNULL = YES;
				CLANG_ANALYZER_NUMBER_OBJECT_CONVERSION = YES_AGGRESSIVE;
				CLANG_CXX_LANGUAGE_STANDARD = "gnu++14";
				CLANG_CXX_LIBRARY = "libc++";
				CLANG_ENABLE_MODULES = YES;
				CLANG_ENABLE_OBJC_ARC = YES;
				CLANG_ENABLE_OBJC_WEAK = YES;
				CLANG_WARN_BLOCK_CAPTURE_AUTORELEASING = YES;
				CLANG_WARN_BOOL_CONVERSION = YES;
				CLANG_WARN_COMMA = YES;
				CLANG_WARN_CONSTANT_CONVERSION = YES;
				CLANG_WARN_DEPRECATED_OBJC_IMPLEMENTATIONS = YES;
				CLANG_WARN_DIRECT_OBJC_ISA_USAGE = YES_ERROR;
				CLANG_WARN_DOCUMENTATION_COMMENTS = YES;
				CLANG_WARN_EMPTY_BODY = YES;
				CLANG_WARN_ENUM_CONVERSION = YES;
				CLANG_WARN_INFINITE_RECURSION = YES;
				CLANG_WARN_INT_CONVERSION = YES;
				CLANG_WARN_NON_LITERAL_NULL_CONVERSION = YES;
				CLANG_WARN_OBJC_IMPLICIT_RETAIN_SELF = YES;
				CLANG_WARN_OBJC_LITERAL_CONVERSION = YES;
				CLANG_WARN_OBJC_ROOT_CLASS = YES_ERROR;
				CLANG_WARN_RANGE_LOOP_ANALYSIS = YES;
				CLANG_WARN_STRICT_PROTOTYPES = YES;
				CLANG_WARN_SUSPICIOUS_MOVE = YES;
				CLANG_WARN_UNGUARDED_AVAILABILITY = YES_AGGRESSIVE;
				CLANG_WARN_UNREACHABLE_CODE = YES;
				CLANG_WARN__DUPLICATE_METHOD_MATCH = YES;
				COPY_PHASE_STRIP = NO;
				DEBUG_INFORMATION_FORMAT = dwarf;
				ENABLE_STRICT_OBJC_MSGSEND = YES;
				ENABLE_TESTABILITY = YES;
				GCC_C_LANGUAGE_STANDARD = gnu11;
				GCC_DYNAMIC_NO_PIC = NO;
				GCC_NO_COMMON_BLOCKS = YES;
				GCC_OPTIMIZATION_LEVEL = 0;
				GCC_PREPROCESSOR_DEFINITIONS = (
					"DEBUG=1",
					"$(inherited)",
				);
				GCC_WARN_64_TO_32_BIT_CONVERSION = YES;
				GCC_WARN_ABOUT_RETURN_TYPE = YES_ERROR;
				GCC_WARN_UNDECLARED_SELECTOR = YES;
				GCC_WARN_UNINITIALIZED_AUTOS = YES_AGGRESSIVE;
				GCC_WARN_UNUSED_FUNCTION = YES;
				GCC_WARN_UNUSED_VARIABLE = YES;
				IPHONEOS_DEPLOYMENT_TARGET = 13.4;
				MTL_ENABLE_DEBUG_INFO = INCLUDE_SOURCE;
				MTL_FAST_MATH = YES;
				ONLY_ACTIVE_ARCH = YES;
				SDKROOT = iphoneos;
				SWIFT_ACTIVE_COMPILATION_CONDITIONS = DEBUG;
				SWIFT_OPTIMIZATION_LEVEL = "-Onone";
			};
			name = Debug;
		};
		3DE62D39243EB62F0077586D /* Release */ = {
			isa = XCBuildConfiguration;
			buildSettings = {
				ALWAYS_SEARCH_USER_PATHS = NO;
				CLANG_ANALYZER_NONNULL = YES;
				CLANG_ANALYZER_NUMBER_OBJECT_CONVERSION = YES_AGGRESSIVE;
				CLANG_CXX_LANGUAGE_STANDARD = "gnu++14";
				CLANG_CXX_LIBRARY = "libc++";
				CLANG_ENABLE_MODULES = YES;
				CLANG_ENABLE_OBJC_ARC = YES;
				CLANG_ENABLE_OBJC_WEAK = YES;
				CLANG_WARN_BLOCK_CAPTURE_AUTORELEASING = YES;
				CLANG_WARN_BOOL_CONVERSION = YES;
				CLANG_WARN_COMMA = YES;
				CLANG_WARN_CONSTANT_CONVERSION = YES;
				CLANG_WARN_DEPRECATED_OBJC_IMPLEMENTATIONS = YES;
				CLANG_WARN_DIRECT_OBJC_ISA_USAGE = YES_ERROR;
				CLANG_WARN_DOCUMENTATION_COMMENTS = YES;
				CLANG_WARN_EMPTY_BODY = YES;
				CLANG_WARN_ENUM_CONVERSION = YES;
				CLANG_WARN_INFINITE_RECURSION = YES;
				CLANG_WARN_INT_CONVERSION = YES;
				CLANG_WARN_NON_LITERAL_NULL_CONVERSION = YES;
				CLANG_WARN_OBJC_IMPLICIT_RETAIN_SELF = YES;
				CLANG_WARN_OBJC_LITERAL_CONVERSION = YES;
				CLANG_WARN_OBJC_ROOT_CLASS = YES_ERROR;
				CLANG_WARN_RANGE_LOOP_ANALYSIS = YES;
				CLANG_WARN_STRICT_PROTOTYPES = YES;
				CLANG_WARN_SUSPICIOUS_MOVE = YES;
				CLANG_WARN_UNGUARDED_AVAILABILITY = YES_AGGRESSIVE;
				CLANG_WARN_UNREACHABLE_CODE = YES;
				CLANG_WARN__DUPLICATE_METHOD_MATCH = YES;
				COPY_PHASE_STRIP = NO;
				DEBUG_INFORMATION_FORMAT = "dwarf-with-dsym";
				ENABLE_NS_ASSERTIONS = NO;
				ENABLE_STRICT_OBJC_MSGSEND = YES;
				GCC_C_LANGUAGE_STANDARD = gnu11;
				GCC_NO_COMMON_BLOCKS = YES;
				GCC_WARN_64_TO_32_BIT_CONVERSION = YES;
				GCC_WARN_ABOUT_RETURN_TYPE = YES_ERROR;
				GCC_WARN_UNDECLARED_SELECTOR = YES;
				GCC_WARN_UNINITIALIZED_AUTOS = YES_AGGRESSIVE;
				GCC_WARN_UNUSED_FUNCTION = YES;
				GCC_WARN_UNUSED_VARIABLE = YES;
				IPHONEOS_DEPLOYMENT_TARGET = 13.4;
				MTL_ENABLE_DEBUG_INFO = NO;
				MTL_FAST_MATH = YES;
				SDKROOT = iphoneos;
				SWIFT_COMPILATION_MODE = wholemodule;
				SWIFT_OPTIMIZATION_LEVEL = "-O";
				VALIDATE_PRODUCT = YES;
			};
			name = Release;
		};
		3DE62D3B243EB62F0077586D /* Debug */ = {
			isa = XCBuildConfiguration;
			buildSettings = {
				ASSETCATALOG_COMPILER_APPICON_NAME = AppIcon;
				CODE_SIGN_ENTITLEMENTS = HazardReporter/HazardReporter.entitlements;
				CODE_SIGN_STYLE = Automatic;
				DEVELOPMENT_ASSET_PATHS = "\"HazardReporter/Preview Content\"";
				DEVELOPMENT_TEAM = 9527LC56YN;
				ENABLE_PREVIEWS = YES;
				INFOPLIST_FILE = HazardReporter/Info.plist;
				LD_RUNPATH_SEARCH_PATHS = (
					"$(inherited)",
					"@executable_path/Frameworks",
				);
				PRODUCT_BUNDLE_IDENTIFIER = com.softgility.HazardReporter;
				PRODUCT_NAME = "$(TARGET_NAME)";
				SWIFT_VERSION = 5.0;
				TARGETED_DEVICE_FAMILY = "1,2";
			};
			name = Debug;
		};
		3DE62D3C243EB62F0077586D /* Release */ = {
			isa = XCBuildConfiguration;
			buildSettings = {
				ASSETCATALOG_COMPILER_APPICON_NAME = AppIcon;
				CODE_SIGN_ENTITLEMENTS = HazardReporter/HazardReporter.entitlements;
				CODE_SIGN_STYLE = Automatic;
				DEVELOPMENT_ASSET_PATHS = "\"HazardReporter/Preview Content\"";
				DEVELOPMENT_TEAM = 9527LC56YN;
				ENABLE_PREVIEWS = YES;
				INFOPLIST_FILE = HazardReporter/Info.plist;
				LD_RUNPATH_SEARCH_PATHS = (
					"$(inherited)",
					"@executable_path/Frameworks",
				);
				PRODUCT_BUNDLE_IDENTIFIER = com.softgility.HazardReporter;
				PRODUCT_NAME = "$(TARGET_NAME)";
				SWIFT_VERSION = 5.0;
				TARGETED_DEVICE_FAMILY = "1,2";
			};
			name = Release;
		};
/* End XCBuildConfiguration section */

/* Begin XCConfigurationList section */
		3DE62D21243EB62C0077586D /* Build configuration list for PBXProject "HazardReporter" */ = {
			isa = XCConfigurationList;
			buildConfigurations = (
				3DE62D38243EB62F0077586D /* Debug */,
				3DE62D39243EB62F0077586D /* Release */,
			);
			defaultConfigurationIsVisible = 0;
			defaultConfigurationName = Release;
		};
		3DE62D3A243EB62F0077586D /* Build configuration list for PBXNativeTarget "HazardReporter" */ = {
			isa = XCConfigurationList;
			buildConfigurations = (
				3DE62D3B243EB62F0077586D /* Debug */,
				3DE62D3C243EB62F0077586D /* Release */,
			);
			defaultConfigurationIsVisible = 0;
			defaultConfigurationName = Release;
		};
/* End XCConfigurationList section */
	};
	rootObject = 3DE62D1E243EB62C0077586D /* Project object */;
}
